[ "cowboy": {:git,"git://github.com/extend/cowboy.git","46b2ea0aaa7fe891bfdf3f8a0c47357393e72cf6",[tag: "0.8.4"]},
  "erlsha2": {:git,"git://github.com/vinoski/erlsha2.git","79e2564c81ee94718711d48516aac3cab7794c35",[]},
  "exlager": {:git,"git://github.com/khia/exlager.git","f8dd0715d7668290d7d02a4517acfee4e8be885c",[]},
  "goldrush": {:git,"git://github.com/DeadZen/goldrush.git","7ff9b03e4038e83732b241d92ccee2322c4ece5e",[tag: "879c69874a"]},
  "gproc": {:git,"git://github.com/uwiger/gproc.git","3b32300125c491f03b728733d4b6ea9e32730ea0",[ref: "3b32300125c491f03b728733d4b6ea9e32730ea0"]},
  "jsex": {:git,"git://github.com/talentdeficit/jsex.git","fe4c661d14f942baabf1b27b22ef04dcb92a1268",[]},
  "jsx": {:git,"git://github.com/talentdeficit/jsx.git","f0f43c4abab4d4e889bff79e5d5aab675f9e8d4d",[tag: "v1.4.2"]},
  "lager": {:git,"https://github.com/basho/lager.git","dc23b34ad40de2473c36d1a2bfeca4910279cc3f",[]},
  "meck": {:git,"git://github.com/eproxus/meck.git","4b085043972dee845fc3dd6f3a1926df4e39ed3d",[branch: "develop"]},
  "ranch": {:git,"git://github.com/extend/ranch.git","53be20d25f94095ec9b44c5bd03cf158dd5a6820",[ref: "0.8.1"]},
  "uuid": {:git,"git://github.com/avtobiff/erlang-uuid.git","1c84001651ef411b3fd6076b9376708925d6c00f",[tag: "v0.4.3"]} ]
